// !$*UTF8*$!
{
	archiveVersion = 1;
	classes = {
	};
	objectVersion = 46;
	objects = {

/* Begin PBXBuildFile section */
		CEA9C3961BA0590A00469044 /* AppDelegate.swift in Sources */ = {isa = PBXBuildFile; fileRef = CEA9C3951BA0590A00469044 /* AppDelegate.swift */; };
		CEA9C3981BA0590A00469044 /* ViewController.swift in Sources */ = {isa = PBXBuildFile; fileRef = CEA9C3971BA0590A00469044 /* ViewController.swift */; };
		CEA9C39B1BA0590A00469044 /* Main.storyboard in Resources */ = {isa = PBXBuildFile; fileRef = CEA9C3991BA0590A00469044 /* Main.storyboard */; };
		CEA9C39D1BA0590A00469044 /* Images.xcassets in Resources */ = {isa = PBXBuildFile; fileRef = CEA9C39C1BA0590A00469044 /* Images.xcassets */; };
		CEA9C3A01BA0590A00469044 /* LaunchScreen.xib in Resources */ = {isa = PBXBuildFile; fileRef = CEA9C39E1BA0590A00469044 /* LaunchScreen.xib */; };
		CEA9C3AC1BA0590A00469044 /* GodGirlTests.swift in Sources */ = {isa = PBXBuildFile; fileRef = CEA9C3AB1BA0590A00469044 /* GodGirlTests.swift */; };
/* End PBXBuildFile section */

/* Begin PBXContainerItemProxy section */
		CEA9C3A61BA0590A00469044 /* PBXContainerItemProxy */ = {
			isa = PBXContainerItemProxy;
			containerPortal = CEA9C3881BA0590A00469044 /* Project object */;
			proxyType = 1;
			remoteGlobalIDString = CEA9C38F1BA0590A00469044;
			remoteInfo = GodGirl;
		};
/* End PBXContainerItemProxy section */

/* Begin PBXFileReference section */
		CEA9C3901BA0590A00469044 /* GodGirl.app */ = {isa = PBXFileReference; explicitFileType = wrapper.application; includeInIndex = 0; path = GodGirl.app; sourceTree = BUILT_PRODUCTS_DIR; };
		CEA9C3941BA0590A00469044 /* Info.plist */ = {isa = PBXFileReference; lastKnownFileType = text.plist.xml; path = Info.plist; sourceTree = "<group>"; };
		CEA9C3951BA0590A00469044 /* AppDelegate.swift */ = {isa = PBXFileReference; lastKnownFileType = sourcecode.swift; path = AppDelegate.swift; sourceTree = "<group>"; };
		CEA9C3971BA0590A00469044 /* ViewController.swift */ = {isa = PBXFileReference; lastKnownFileType = sourcecode.swift; path = ViewController.swift; sourceTree = "<group>"; };
		CEA9C39A1BA0590A00469044 /* Base */ = {isa = PBXFileReference; lastKnownFileType = file.storyboard; name = Base; path = Base.lproj/Main.storyboard; sourceTree = "<group>"; };
		CEA9C39C1BA0590A00469044 /* Images.xcassets */ = {isa = PBXFileReference; lastKnownFileType = folder.assetcatalog; path = Images.xcassets; sourceTree = "<group>"; };
		CEA9C39F1BA0590A00469044 /* Base */ = {isa = PBXFileReference; lastKnownFileType = file.xib; name = Base; path = Base.lproj/LaunchScreen.xib; sourceTree = "<group>"; };
		CEA9C3A51BA0590A00469044 /* GodGirlTests.xctest */ = {isa = PBXFileReference; explicitFileType = wrapper.cfbundle; includeInIndex = 0; path = GodGirlTests.xctest; sourceTree = BUILT_PRODUCTS_DIR; };
		CEA9C3AA1BA0590A00469044 /* Info.plist */ = {isa = PBXFileReference; lastKnownFileType = text.plist.xml; path = Info.plist; sourceTree = "<group>"; };
		CEA9C3AB1BA0590A00469044 /* GodGirlTests.swift */ = {isa = PBXFileReference; lastKnownFileType = sourcecode.swift; path = GodGirlTests.swift; sourceTree = "<group>"; };
/* End PBXFileReference section */

/* Begin PBXFrameworksBuildPhase section */
		CEA9C38D1BA0590A00469044 /* Frameworks */ = {
			isa = PBXFrameworksBuildPhase;
			buildActionMask = 2147483647;
			files = (
			);
			runOnlyForDeploymentPostprocessing = 0;
		};
		CEA9C3A21BA0590A00469044 /* Frameworks */ = {
			isa = PBXFrameworksBuildPhase;
			buildActionMask = 2147483647;
			files = (
			);
			runOnlyForDeploymentPostprocessing = 0;
		};
/* End PBXFrameworksBuildPhase section */

/* Begin PBXGroup section */
		CEA9C3871BA0590A00469044 = {
			isa = PBXGroup;
			children = (
				CEA9C3921BA0590A00469044 /* GodGirl */,
				CEA9C3A81BA0590A00469044 /* GodGirlTests */,
				CEA9C3911BA0590A00469044 /* Products */,
			);
			sourceTree = "<group>";
		};
		CEA9C3911BA0590A00469044 /* Products */ = {
			isa = PBXGroup;
			children = (
				CEA9C3901BA0590A00469044 /* GodGirl.app */,
				CEA9C3A51BA0590A00469044 /* GodGirlTests.xctest */,
			);
			name = Products;
			sourceTree = "<group>";
		};
		CEA9C3921BA0590A00469044 /* GodGirl */ = {
			isa = PBXGroup;
			children = (
				CEA9C3951BA0590A00469044 /* AppDelegate.swift */,
				CEA9C3971BA0590A00469044 /* ViewController.swift */,
				CEA9C3991BA0590A00469044 /* Main.storyboard */,
				CEA9C39C1BA0590A00469044 /* Images.xcassets */,
				CEA9C39E1BA0590A00469044 /* LaunchScreen.xib */,
				CEA9C3931BA0590A00469044 /* Supporting Files */,
			);
			path = GodGirl;
			sourceTree = "<group>";
		};
		CEA9C3931BA0590A00469044 /* Supporting Files */ = {
			isa = PBXGroup;
			children = (
				CEA9C3941BA0590A00469044 /* Info.plist */,
			);
			name = "Supporting Files";
			sourceTree = "<group>";
		};
		CEA9C3A81BA0590A00469044 /* GodGirlTests */ = {
			isa = PBXGroup;
			children = (
				CEA9C3AB1BA0590A00469044 /* GodGirlTests.swift */,
				CEA9C3A91BA0590A00469044 /* Supporting Files */,
			);
			path = GodGirlTests;
			sourceTree = "<group>";
		};
		CEA9C3A91BA0590A00469044 /* Supporting Files */ = {
			isa = PBXGroup;
			children = (
				CEA9C3AA1BA0590A00469044 /* Info.plist */,
			);
			name = "Supporting Files";
			sourceTree = "<group>";
		};
/* End PBXGroup section */

/* Begin PBXNativeTarget section */
		CEA9C38F1BA0590A00469044 /* GodGirl */ = {
			isa = PBXNativeTarget;
			buildConfigurationList = CEA9C3AF1BA0590A00469044 /* Build configuration list for PBXNativeTarget "GodGirl" */;
			buildPhases = (
				CEA9C38C1BA0590A00469044 /* Sources */,
				CEA9C38D1BA0590A00469044 /* Frameworks */,
				CEA9C38E1BA0590A00469044 /* Resources */,
			);
			buildRules = (
			);
			dependencies = (
			);
			name = GodGirl;
			productName = GodGirl;
			productReference = CEA9C3901BA0590A00469044 /* GodGirl.app */;
			productType = "com.apple.product-type.application";
		};
		CEA9C3A41BA0590A00469044 /* GodGirlTests */ = {
			isa = PBXNativeTarget;
			buildConfigurationList = CEA9C3B21BA0590A00469044 /* Build configuration list for PBXNativeTarget "GodGirlTests" */;
			buildPhases = (
				CEA9C3A11BA0590A00469044 /* Sources */,
				CEA9C3A21BA0590A00469044 /* Frameworks */,
				CEA9C3A31BA0590A00469044 /* Resources */,
			);
			buildRules = (
			);
			dependencies = (
				CEA9C3A71BA0590A00469044 /* PBXTargetDependency */,
			);
			name = GodGirlTests;
			productName = GodGirlTests;
			productReference = CEA9C3A51BA0590A00469044 /* GodGirlTests.xctest */;
			productType = "com.apple.product-type.bundle.unit-test";
		};
/* End PBXNativeTarget section */

/* Begin PBXProject section */
		CEA9C3881BA0590A00469044 /* Project object */ = {
			isa = PBXProject;
			attributes = {
				LastUpgradeCheck = 0640;
				ORGANIZATIONNAME = "杨鑫勇";
				TargetAttributes = {
					CEA9C38F1BA0590A00469044 = {
						CreatedOnToolsVersion = 6.4;
					};
					CEA9C3A41BA0590A00469044 = {
						CreatedOnToolsVersion = 6.4;
						TestTargetID = CEA9C38F1BA0590A00469044;
					};
				};
			};
			buildConfigurationList = CEA9C38B1BA0590A00469044 /* Build configuration list for PBXProject "GodGirl" */;
			compatibilityVersion = "Xcode 3.2";
			developmentRegion = English;
			hasScannedForEncodings = 0;
			knownRegions = (
				en,
				Base,
			);
			mainGroup = CEA9C3871BA0590A00469044;
			productRefGroup = CEA9C3911BA0590A00469044 /* Products */;
			projectDirPath = "";
			projectRoot = "";
			targets = (
				CEA9C38F1BA0590A00469044 /* GodGirl */,
				CEA9C3A41BA0590A00469044 /* GodGirlTests */,
			);
		};
/* End PBXProject section */

/* Begin PBXResourcesBuildPhase section */
		CEA9C38E1BA0590A00469044 /* Resources */ = {
			isa = PBXResourcesBuildPhase;
			buildActionMask = 2147483647;
			files = (
				CEA9C39B1BA0590A00469044 /* Main.storyboard in Resources */,
				CEA9C3A01BA0590A00469044 /* LaunchScreen.xib in Resources */,
				CEA9C39D1BA0590A00469044 /* Images.xcassets in Resources */,
			);
			runOnlyForDeploymentPostprocessing = 0;
		};
		CEA9C3A31BA0590A00469044 /* Resources */ = {
			isa = PBXResourcesBuildPhase;
			buildActionMask = 2147483647;
			files = (
			);
			runOnlyForDeploymentPostprocessing = 0;
		};
/* End PBXResourcesBuildPhase section */

/* Begin PBXSourcesBuildPhase section */
		CEA9C38C1BA0590A00469044 /* Sources */ = {
			isa = PBXSourcesBuildPhase;
			buildActionMask = 2147483647;
			files = (
				CEA9C3981BA0590A00469044 /* ViewController.swift in Sources */,
				CEA9C3961BA0590A00469044 /* AppDelegate.swift in Sources */,
			);
			runOnlyForDeploymentPostprocessing = 0;
		};
		CEA9C3A11BA0590A00469044 /* Sources */ = {
			isa = PBXSourcesBuildPhase;
			buildActionMask = 2147483647;
			files = (
				CEA9C3AC1BA0590A00469044 /* GodGirlTests.swift in Sources */,
			);
			runOnlyForDeploymentPostprocessing = 0;
		};
/* End PBXSourcesBuildPhase section */

/* Begin PBXTargetDependency section */
		CEA9C3A71BA0590A00469044 /* PBXTargetDependency */ = {
			isa = PBXTargetDependency;
			target = CEA9C38F1BA0590A00469044 /* GodGirl */;
			targetProxy = CEA9C3A61BA0590A00469044 /* PBXContainerItemProxy */;
		};
/* End PBXTargetDependency section */

/* Begin PBXVariantGroup section */
		CEA9C3991BA0590A00469044 /* Main.storyboard */ = {
			isa = PBXVariantGroup;
			children = (
				CEA9C39A1BA0590A00469044 /* Base */,
			);
			name = Main.storyboard;
			sourceTree = "<group>";
		};
		CEA9C39E1BA0590A00469044 /* LaunchScreen.xib */ = {
			isa = PBXVariantGroup;
			children = (
				CEA9C39F1BA0590A00469044 /* Base */,
			);
			name = LaunchScreen.xib;
			sourceTree = "<group>";
		};
/* End PBXVariantGroup section */

/* Begin XCBuildConfiguration section */
		CEA9C3AD1BA0590A00469044 /* Debug */ = {
			isa = XCBuildConfiguration;
			buildSettings = {
				ALWAYS_SEARCH_USER_PATHS = NO;
				CLANG_CXX_LANGUAGE_STANDARD = "gnu++0x";
				CLANG_CXX_LIBRARY = "libc++";
				CLANG_ENABLE_MODULES = YES;
				CLANG_ENABLE_OBJC_ARC = YES;
				CLANG_WARN_BOOL_CONVERSION = YES;
				CLANG_WARN_CONSTANT_CONVERSION = YES;
				CLANG_WARN_DIRECT_OBJC_ISA_USAGE = YES_ERROR;
				CLANG_WARN_EMPTY_BODY = YES;
				CLANG_WARN_ENUM_CONVERSION = YES;
				CLANG_WARN_INT_CONVERSION = YES;
				CLANG_WARN_OBJC_ROOT_CLASS = YES_ERROR;
				CLANG_WARN_UNREACHABLE_CODE = YES;
				CLANG_WARN__DUPLICATE_METHOD_MATCH = YES;
				"CODE_SIGN_IDENTITY[sdk=iphoneos*]" = "iPhone Developer";
				COPY_PHASE_STRIP = NO;
				DEBUG_INFORMATION_FORMAT = "dwarf-with-dsym";
				ENABLE_STRICT_OBJC_MSGSEND = YES;
				GCC_C_LANGUAGE_STANDARD = gnu99;
				GCC_DYNAMIC_NO_PIC = NO;
				GCC_NO_COMMON_BLOCKS = YES;
				GCC_OPTIMIZATION_LEVEL = 0;
				GCC_PREPROCESSOR_DEFINITIONS = (
					"DEBUG=1",
					"$(inherited)",
				);
				GCC_SYMBOLS_PRIVATE_EXTERN = NO;
				GCC_WARN_64_TO_32_BIT_CONVERSION = YES;
				GCC_WARN_ABOUT_RETURN_TYPE = YES_ERROR;
				GCC_WARN_UNDECLARED_SELECTOR = YES;
				GCC_WARN_UNINITIALIZED_AUTOS = YES_AGGRESSIVE;
				GCC_WARN_UNUSED_FUNCTION = YES;
				GCC_WARN_UNUSED_VARIABLE = YES;
				IPHONEOS_DEPLOYMENT_TARGET = 8.4;
				MTL_ENABLE_DEBUG_INFO = YES;
				ONLY_ACTIVE_ARCH = YES;
				SDKROOT = iphoneos;
				SWIFT_OPTIMIZATION_LEVEL = "-Onone";
			};
			name = Debug;
		};
		CEA9C3AE1BA0590A00469044 /* Release */ = {
			isa = XCBuildConfiguration;
			buildSettings = {
				ALWAYS_SEARCH_USER_PATHS = NO;
				CLANG_CXX_LANGUAGE_STANDARD = "gnu++0x";
				CLANG_CXX_LIBRARY = "libc++";
				CLANG_ENABLE_MODULES = YES;
				CLANG_ENABLE_OBJC_ARC = YES;
				CLANG_WARN_BOOL_CONVERSION = YES;
				CLANG_WARN_CONSTANT_CONVERSION = YES;
				CLANG_WARN_DIRECT_OBJC_ISA_USAGE = YES_ERROR;
				CLANG_WARN_EMPTY_BODY = YES;
				CLANG_WARN_ENUM_CONVERSION = YES;
				CLANG_WARN_INT_CONVERSION = YES;
				CLANG_WARN_OBJC_ROOT_CLASS = YES_ERROR;
				CLANG_WARN_UNREACHABLE_CODE = YES;
				CLANG_WARN__DUPLICATE_METHOD_MATCH = YES;
				"CODE_SIGN_IDENTITY[sdk=iphoneos*]" = "iPhone Developer";
				COPY_PHASE_STRIP = NO;
				DEBUG_INFORMATION_FORMAT = "dwarf-with-dsym";
				ENABLE_NS_ASSERTIONS = NO;
				ENABLE_STRICT_OBJC_MSGSEND = YES;
				GCC_C_LANGUAGE_STANDARD = gnu99;
				GCC_NO_COMMON_BLOCKS = YES;
				GCC_WARN_64_TO_32_BIT_CONVERSION = YES;
				GCC_WARN_ABOUT_RETURN_TYPE = YES_ERROR;
				GCC_WARN_UNDECLARED_SELECTOR = YES;
				GCC_WARN_UNINITIALIZED_AUTOS = YES_AGGRESSIVE;
				GCC_WARN_UNUSED_FUNCTION = YES;
				GCC_WARN_UNUSED_VARIABLE = YES;
				IPHONEOS_DEPLOYMENT_TARGET = 8.4;
				MTL_ENABLE_DEBUG_INFO = NO;
				SDKROOT = iphoneos;
				VALIDATE_PRODUCT = YES;
			};
			name = Release;
		};
		CEA9C3B01BA0590A00469044 /* Debug */ = {
			isa = XCBuildConfiguration;
			buildSettings = {
				ASSETCATALOG_COMPILER_APPICON_NAME = AppIcon;
				INFOPLIST_FILE = GodGirl/Info.plist;
				LD_RUNPATH_SEARCH_PATHS = "$(inherited) @executable_path/Frameworks";
				PRODUCT_NAME = "$(TARGET_NAME)";
			};
			name = Debug;
		};
		CEA9C3B11BA0590A00469044 /* Release */ = {
			isa = XCBuildConfiguration;
			buildSettings = {
				ASSETCATALOG_COMPILER_APPICON_NAME = AppIcon;
				INFOPLIST_FILE = GodGirl/Info.plist;
				LD_RUNPATH_SEARCH_PATHS = "$(inherited) @executable_path/Frameworks";
				PRODUCT_NAME = "$(TARGET_NAME)";
			};
			name = Release;
		};
		CEA9C3B31BA0590A00469044 /* Debug */ = {
			isa = XCBuildConfiguration;
			buildSettings = {
				BUNDLE_LOADER = "$(TEST_HOST)";
				FRAMEWORK_SEARCH_PATHS = (
					"$(SDKROOT)/Developer/Library/Frameworks",
					"$(inherited)",
				);
				GCC_PREPROCESSOR_DEFINITIONS = (
					"DEBUG=1",
					"$(inherited)",
				);
				INFOPLIST_FILE = GodGirlTests/Info.plist;
				LD_RUNPATH_SEARCH_PATHS = "$(inherited) @executable_path/Frameworks @loader_path/Frameworks";
				PRODUCT_NAME = "$(TARGET_NAME)";
				TEST_HOST = "$(BUILT_PRODUCTS_DIR)/GodGirl.app/GodGirl";
			};
			name = Debug;
		};
		CEA9C3B41BA0590A00469044 /* Release */ = {
			isa = XCBuildConfiguration;
			buildSettings = {
				BUNDLE_LOADER = "$(TEST_HOST)";
				FRAMEWORK_SEARCH_PATHS = (
					"$(SDKROOT)/Developer/Library/Frameworks",
					"$(inherited)",
				);
				INFOPLIST_FILE = GodGirlTests/Info.plist;
				LD_RUNPATH_SEARCH_PATHS = "$(inherited) @executable_path/Frameworks @loader_path/Frameworks";
				PRODUCT_NAME = "$(TARGET_NAME)";
				TEST_HOST = "$(BUILT_PRODUCTS_DIR)/GodGirl.app/GodGirl";
			};
			name = Release;
		};
/* End XCBuildConfiguration section */

/* Begin XCConfigurationList section */
		CEA9C38B1BA0590A00469044 /* Build configuration list for PBXProject "GodGirl" */ = {
			isa = XCConfigurationList;
			buildConfigurations = (
				CEA9C3AD1BA0590A00469044 /* Debug */,
				CEA9C3AE1BA0590A00469044 /* Release */,
			);
			defaultConfigurationIsVisible = 0;
			defaultConfigurationName = Release;
		};
		CEA9C3AF1BA0590A00469044 /* Build configuration list for PBXNativeTarget "GodGirl" */ = {
			isa = XCConfigurationList;
			buildConfigurations = (
				CEA9C3B01BA0590A00469044 /* Debug */,
				CEA9C3B11BA0590A00469044 /* Release */,
			);
			defaultConfigurationIsVisible = 0;
		};
		CEA9C3B21BA0590A00469044 /* Build configuration list for PBXNativeTarget "GodGirlTests" */ = {
			isa = XCConfigurationList;
			buildConfigurations = (
				CEA9C3B31BA0590A00469044 /* Debug */,
				CEA9C3B41BA0590A00469044 /* Release */,
			);
			defaultConfigurationIsVisible = 0;
		};
/* End XCConfigurationList section */
	};
	rootObject = CEA9C3881BA0590A00469044 /* Project object */;
}
